<?xml version="1.0" encoding="utf-8"?>
<Project ToolsVersion="4.0" xmlns="http://schemas.microsoft.com/developer/msbuild/2003">
  <ItemGroup>
    <Filter Include="Исходные файлы">
      <UniqueIdentifier>{4FC737F1-C7A5-4376-A066-2A32D752A2FF}</UniqueIdentifier>
      <Extensions>cpp;c;cc;cxx;c++;cppm;ixx;def;odl;idl;hpj;bat;asm;asmx</Extensions>
    </Filter>
    <Filter Include="Файлы заголовков">
      <UniqueIdentifier>{93995380-89BD-4b04-88EB-625FBE52EBFB}</UniqueIdentifier>
      <Extensions>h;hh;hpp;hxx;h++;hm;inl;inc;ipp;xsd</Extensions>
    </Filter>
    <Filter Include="Файлы ресурсов">
      <UniqueIdentifier>{67DA6AB6-F800-4c08-8B7A-83BB121AAD01}</UniqueIdentifier>
      <Extensions>rc;ico;cur;bmp;dlg;rc2;rct;bin;rgs;gif;jpg;jpeg;jpe;resx;tiff;tif;png;wav;mfcribbon-ms</Extensions>
    </Filter>
    <Filter Include="mem">
      <UniqueIdentifier>{6570cd95-e048-4f32-be49-36d1fc4cc132}</UniqueIdentifier>
    </Filter>
    <Filter Include="hook">
      <UniqueIdentifier>{0c0ac2a9-2055-4dce-ad33-4c0a61286d7a}</UniqueIdentifier>
    </Filter>
    <Filter Include="OpenGL Draw">
      <UniqueIdentifier>{feb25e0b-c5a8-493a-9ea4-91e99c8c2e5f}</UniqueIdentifier>
    </Filter>
    <Filter Include="OpenGL Text">
      <UniqueIdentifier>{2c576922-8328-413a-bed5-b8e844f20ac8}</UniqueIdentifier>
    </Filter>
    <Filter Include="assault_cube">
      <UniqueIdentifier>{7791cdbe-2f60-449e-87f2-35b009664335}</UniqueIdentifier>
    </Filter>
  </ItemGroup>
  <ItemGroup>
    <ClCompile Include="ac_cheat.cpp">
      <Filter>Исходные файлы</Filter>
    </ClCompile>
    <ClCompile Include="mem.cpp">
      <Filter>mem</Filter>
    </ClCompile>
    <ClCompile Include="hook.cpp">
      <Filter>hook</Filter>
    </ClCompile>
    <ClCompile Include="glDraw.cpp">
      <Filter>OpenGL Draw</Filter>
    </ClCompile>
    <ClCompile Include="Hack.cpp">
      <Filter>assault_cube</Filter>
    </ClCompile>
  </ItemGroup>
  <ItemGroup>
    <ClInclude Include="mem.h">
      <Filter>mem</Filter>
    </ClInclude>
    <ClInclude Include="hook.h">
      <Filter>hook</Filter>
    </ClInclude>
    <ClInclude Include="stdafx.h">
      <Filter>Файлы заголовков</Filter>
    </ClInclude>
    <ClInclude Include="glDraw.h">
      <Filter>OpenGL Draw</Filter>
    </ClInclude>
    <ClInclude Include="Hack.h">
      <Filter>assault_cube</Filter>
    </ClInclude>
  </ItemGroup>
</Project>